
Microsoft Visual Studio Solution File, Format Version 12.00
# Visual Studio 15
VisualStudioVersion = 15.0.25920.0
MinimumVisualStudioVersion = 10.0.40219.1
Project("{FAE04EC0-301F-11D3-BF4B-00C04F79EFBC}") = "Office365UtilityWeb", "Office365UtilityWeb\Office365UtilityWeb.csproj", "{5472369B-345F-4F17-9438-7C1B81B69C9B}"
EndProject
Project("{FAE04EC0-301F-11D3-BF4B-00C04F79EFBC}") = "Office365UtilityWeb.Tests", "Office365UtilityWeb.Tests\Office365UtilityWeb.Tests.csproj", "{0FA88BD0-DA48-495E-9009-993ED10011B6}"
EndProject
Global
	GlobalSection(SolutionConfigurationPlatforms) = preSolution
		Debug|Any CPU = Debug|Any CPU
		Release|Any CPU = Release|Any CPU
	EndGlobalSection
	GlobalSection(ProjectConfigurationPlatforms) = postSolution
		{5472369B-345F-4F17-9438-7C1B81B69C9B}.Debug|Any CPU.ActiveCfg = Debug|Any CPU
		{5472369B-345F-4F17-9438-7C1B81B69C9B}.Debug|Any CPU.Build.0 = Debug|Any CPU
		{5472369B-345F-4F17-9438-7C1B81B69C9B}.Release|Any CPU.ActiveCfg = Release|Any CPU
		{5472369B-345F-4F17-9438-7C1B81B69C9B}.Release|Any CPU.Build.0 = Release|Any CPU
		{0FA88BD0-DA48-495E-9009-993ED10011B6}.Debug|Any CPU.ActiveCfg = Debug|Any CPU
		{0FA88BD0-DA48-495E-9009-993ED10011B6}.Debug|Any CPU.Build.0 = Debug|Any CPU
		{0FA88BD0-DA48-495E-9009-993ED10011B6}.Release|Any CPU.ActiveCfg = Release|Any CPU
		{0FA88BD0-DA48-495E-9009-993ED10011B6}.Release|Any CPU.Build.0 = Release|Any CPU
	EndGlobalSection
	GlobalSection(SolutionProperties) = preSolution
		HideSolutionNode = FALSE
	EndGlobalSection
EndGlobal
